
Microsoft Visual Studio Solution File, Format Version 12.00
# Visual Studio Version 16
VisualStudioVersion = 16.0.31105.61
MinimumVisualStudioVersion = 10.0.40219.1
Project("{9A19103F-16F7-4668-BE54-9A1E7A4F7556}") = "WebApplication1", "WebApplication1\WebApplication1.csproj", "{1D2FA22A-79A9-4E8C-835C-BD736B4196A1}"
EndProject
Global
	GlobalSection(SolutionConfigurationPlatforms) = preSolution
		Debug|Any CPU = Debug|Any CPU
		Release|Any CPU = Release|Any CPU
	EndGlobalSection
	GlobalSection(ProjectConfigurationPlatforms) = postSolution
		{1D2FA22A-79A9-4E8C-835C-BD736B4196A1}.Debug|Any CPU.ActiveCfg = Debug|Any CPU
		{1D2FA22A-79A9-4E8C-835C-BD736B4196A1}.Debug|Any CPU.Build.0 = Debug|Any CPU
		{1D2FA22A-79A9-4E8C-835C-BD736B4196A1}.Release|Any CPU.ActiveCfg = Release|Any CPU
		{1D2FA22A-79A9-4E8C-835C-BD736B4196A1}.Release|Any CPU.Build.0 = Release|Any CPU
	EndGlobalSection
	GlobalSection(SolutionProperties) = preSolution
		HideSolutionNode = FALSE
	EndGlobalSection
	GlobalSection(ExtensibilityGlobals) = postSolution
		SolutionGuid = {F849F6C3-7B51-45CA-9534-1D2BB63028F7}
	EndGlobalSection
EndGlobal
